// !$*UTF8*$!
{
	archiveVersion = 1;
	classes = {
	};
	objectVersion = 50;
	objects = {

/* Begin PBXBuildFile section */
		0325B56025C20CF800AB3799 /* AppDelegate.swift in Sources */ = {isa = PBXBuildFile; fileRef = 0325B55F25C20CF800AB3799 /* AppDelegate.swift */; };
		0325B56225C20CF800AB3799 /* SceneDelegate.swift in Sources */ = {isa = PBXBuildFile; fileRef = 0325B56125C20CF800AB3799 /* SceneDelegate.swift */; };
		0325B56725C20CF800AB3799 /* Main.storyboard in Resources */ = {isa = PBXBuildFile; fileRef = 0325B56525C20CF800AB3799 /* Main.storyboard */; };
		0325B56925C20CFD00AB3799 /* Assets.xcassets in Resources */ = {isa = PBXBuildFile; fileRef = 0325B56825C20CFD00AB3799 /* Assets.xcassets */; };
		0325B56C25C20CFD00AB3799 /* LaunchScreen.storyboard in Resources */ = {isa = PBXBuildFile; fileRef = 0325B56A25C20CFD00AB3799 /* LaunchScreen.storyboard */; };
		0325B57F25C20E2F00AB3799 /* Drink.swift in Sources */ = {isa = PBXBuildFile; fileRef = 0325B57E25C20E2F00AB3799 /* Drink.swift */; };
		0325B58325C20F4600AB3799 /* DrinkController.swift in Sources */ = {isa = PBXBuildFile; fileRef = 0325B58225C20F4600AB3799 /* DrinkController.swift */; };
		0325B58725C212EB00AB3799 /* DrinkError.swift in Sources */ = {isa = PBXBuildFile; fileRef = 0325B58625C212EB00AB3799 /* DrinkError.swift */; };
		0325B58C25C218EA00AB3799 /* DrinksViewController.swift in Sources */ = {isa = PBXBuildFile; fileRef = 0325B58B25C218EA00AB3799 /* DrinksViewController.swift */; };
		0325B58F25C224B000AB3799 /* UIViewControllerExtension.swift in Sources */ = {isa = PBXBuildFile; fileRef = 0325B58E25C224B000AB3799 /* UIViewControllerExtension.swift */; };
/* End PBXBuildFile section */

/* Begin PBXFileReference section */
		0325B55C25C20CF800AB3799 /* Cocktails.app */ = {isa = PBXFileReference; explicitFileType = wrapper.application; includeInIndex = 0; path = Cocktails.app; sourceTree = BUILT_PRODUCTS_DIR; };
		0325B55F25C20CF800AB3799 /* AppDelegate.swift */ = {isa = PBXFileReference; lastKnownFileType = sourcecode.swift; path = AppDelegate.swift; sourceTree = "<group>"; };
		0325B56125C20CF800AB3799 /* SceneDelegate.swift */ = {isa = PBXFileReference; lastKnownFileType = sourcecode.swift; path = SceneDelegate.swift; sourceTree = "<group>"; };
		0325B56625C20CF800AB3799 /* Base */ = {isa = PBXFileReference; lastKnownFileType = file.storyboard; name = Base; path = Base.lproj/Main.storyboard; sourceTree = "<group>"; };
		0325B56825C20CFD00AB3799 /* Assets.xcassets */ = {isa = PBXFileReference; lastKnownFileType = folder.assetcatalog; path = Assets.xcassets; sourceTree = "<group>"; };
		0325B56B25C20CFD00AB3799 /* Base */ = {isa = PBXFileReference; lastKnownFileType = file.storyboard; name = Base; path = Base.lproj/LaunchScreen.storyboard; sourceTree = "<group>"; };
		0325B56D25C20CFD00AB3799 /* Info.plist */ = {isa = PBXFileReference; lastKnownFileType = text.plist.xml; path = Info.plist; sourceTree = "<group>"; };
		0325B57E25C20E2F00AB3799 /* Drink.swift */ = {isa = PBXFileReference; lastKnownFileType = sourcecode.swift; path = Drink.swift; sourceTree = "<group>"; };
		0325B58225C20F4600AB3799 /* DrinkController.swift */ = {isa = PBXFileReference; lastKnownFileType = sourcecode.swift; path = DrinkController.swift; sourceTree = "<group>"; };
		0325B58625C212EB00AB3799 /* DrinkError.swift */ = {isa = PBXFileReference; lastKnownFileType = sourcecode.swift; path = DrinkError.swift; sourceTree = "<group>"; };
		0325B58B25C218EA00AB3799 /* DrinksViewController.swift */ = {isa = PBXFileReference; lastKnownFileType = sourcecode.swift; path = DrinksViewController.swift; sourceTree = "<group>"; };
		0325B58E25C224B000AB3799 /* UIViewControllerExtension.swift */ = {isa = PBXFileReference; lastKnownFileType = sourcecode.swift; path = UIViewControllerExtension.swift; sourceTree = "<group>"; };
/* End PBXFileReference section */

/* Begin PBXFrameworksBuildPhase section */
		0325B55925C20CF800AB3799 /* Frameworks */ = {
			isa = PBXFrameworksBuildPhase;
			buildActionMask = 2147483647;
			files = (
			);
			runOnlyForDeploymentPostprocessing = 0;
		};
/* End PBXFrameworksBuildPhase section */

/* Begin PBXGroup section */
		0325B55325C20CF800AB3799 = {
			isa = PBXGroup;
			children = (
				0325B55E25C20CF800AB3799 /* Cocktails */,
				0325B55D25C20CF800AB3799 /* Products */,
			);
			sourceTree = "<group>";
		};
		0325B55D25C20CF800AB3799 /* Products */ = {
			isa = PBXGroup;
			children = (
				0325B55C25C20CF800AB3799 /* Cocktails.app */,
			);
			name = Products;
			sourceTree = "<group>";
		};
		0325B55E25C20CF800AB3799 /* Cocktails */ = {
			isa = PBXGroup;
			children = (
				0325B58525C212A700AB3799 /* Helpers */,
				0325B57625C20D1F00AB3799 /* Model */,
				0325B57725C20D2600AB3799 /* Controllers */,
				0325B57825C20D2B00AB3799 /* Views */,
				0325B57425C20D0F00AB3799 /* Resources */,
			);
			path = Cocktails;
			sourceTree = "<group>";
		};
		0325B57425C20D0F00AB3799 /* Resources */ = {
			isa = PBXGroup;
			children = (
				0325B55F25C20CF800AB3799 /* AppDelegate.swift */,
				0325B56125C20CF800AB3799 /* SceneDelegate.swift */,
				0325B56825C20CFD00AB3799 /* Assets.xcassets */,
				0325B56D25C20CFD00AB3799 /* Info.plist */,
			);
			path = Resources;
			sourceTree = "<group>";
		};
		0325B57625C20D1F00AB3799 /* Model */ = {
			isa = PBXGroup;
			children = (
				0325B57E25C20E2F00AB3799 /* Drink.swift */,
			);
			path = Model;
			sourceTree = "<group>";
		};
		0325B57725C20D2600AB3799 /* Controllers */ = {
			isa = PBXGroup;
			children = (
				0325B57D25C20E0A00AB3799 /* Model Controller */,
				0325B57C25C20E0300AB3799 /* View Controllers */,
			);
			path = Controllers;
			sourceTree = "<group>";
		};
		0325B57825C20D2B00AB3799 /* Views */ = {
			isa = PBXGroup;
			children = (
				0325B57A25C20D3700AB3799 /* Storyboards */,
			);
			path = Views;
			sourceTree = "<group>";
		};
		0325B57A25C20D3700AB3799 /* Storyboards */ = {
			isa = PBXGroup;
			children = (
				0325B56525C20CF800AB3799 /* Main.storyboard */,
				0325B56A25C20CFD00AB3799 /* LaunchScreen.storyboard */,
			);
			path = Storyboards;
			sourceTree = "<group>";
		};
		0325B57C25C20E0300AB3799 /* View Controllers */ = {
			isa = PBXGroup;
			children = (
				0325B58B25C218EA00AB3799 /* DrinksViewController.swift */,
			);
			path = "View Controllers";
			sourceTree = "<group>";
		};
		0325B57D25C20E0A00AB3799 /* Model Controller */ = {
			isa = PBXGroup;
			children = (
				0325B58225C20F4600AB3799 /* DrinkController.swift */,
			);
			path = "Model Controller";
			sourceTree = "<group>";
		};
		0325B58525C212A700AB3799 /* Helpers */ = {
			isa = PBXGroup;
			children = (
				0325B58625C212EB00AB3799 /* DrinkError.swift */,
				0325B58E25C224B000AB3799 /* UIViewControllerExtension.swift */,
			);
			path = Helpers;
			sourceTree = "<group>";
		};
/* End PBXGroup section */

/* Begin PBXNativeTarget section */
		0325B55B25C20CF800AB3799 /* Cocktails */ = {
			isa = PBXNativeTarget;
			buildConfigurationList = 0325B57025C20CFD00AB3799 /* Build configuration list for PBXNativeTarget "Cocktails" */;
			buildPhases = (
				0325B55825C20CF800AB3799 /* Sources */,
				0325B55925C20CF800AB3799 /* Frameworks */,
				0325B55A25C20CF800AB3799 /* Resources */,
			);
			buildRules = (
			);
			dependencies = (
			);
			name = Cocktails;
			productName = Cocktails;
			productReference = 0325B55C25C20CF800AB3799 /* Cocktails.app */;
			productType = "com.apple.product-type.application";
		};
/* End PBXNativeTarget section */

/* Begin PBXProject section */
		0325B55425C20CF800AB3799 /* Project object */ = {
			isa = PBXProject;
			attributes = {
				LastSwiftUpdateCheck = 1240;
				LastUpgradeCheck = 1240;
				TargetAttributes = {
					0325B55B25C20CF800AB3799 = {
						CreatedOnToolsVersion = 12.4;
					};
				};
			};
			buildConfigurationList = 0325B55725C20CF800AB3799 /* Build configuration list for PBXProject "Cocktails" */;
			compatibilityVersion = "Xcode 9.3";
			developmentRegion = en;
			hasScannedForEncodings = 0;
			knownRegions = (
				en,
				Base,
			);
			mainGroup = 0325B55325C20CF800AB3799;
			productRefGroup = 0325B55D25C20CF800AB3799 /* Products */;
			projectDirPath = "";
			projectRoot = "";
			targets = (
				0325B55B25C20CF800AB3799 /* Cocktails */,
			);
		};
/* End PBXProject section */

/* Begin PBXResourcesBuildPhase section */
		0325B55A25C20CF800AB3799 /* Resources */ = {
			isa = PBXResourcesBuildPhase;
			buildActionMask = 2147483647;
			files = (
				0325B56C25C20CFD00AB3799 /* LaunchScreen.storyboard in Resources */,
				0325B56925C20CFD00AB3799 /* Assets.xcassets in Resources */,
				0325B56725C20CF800AB3799 /* Main.storyboard in Resources */,
			);
			runOnlyForDeploymentPostprocessing = 0;
		};
/* End PBXResourcesBuildPhase section */

/* Begin PBXSourcesBuildPhase section */
		0325B55825C20CF800AB3799 /* Sources */ = {
			isa = PBXSourcesBuildPhase;
			buildActionMask = 2147483647;
			files = (
				0325B58725C212EB00AB3799 /* DrinkError.swift in Sources */,
				0325B58325C20F4600AB3799 /* DrinkController.swift in Sources */,
				0325B56025C20CF800AB3799 /* AppDelegate.swift in Sources */,
				0325B58C25C218EA00AB3799 /* DrinksViewController.swift in Sources */,
				0325B57F25C20E2F00AB3799 /* Drink.swift in Sources */,
				0325B58F25C224B000AB3799 /* UIViewControllerExtension.swift in Sources */,
				0325B56225C20CF800AB3799 /* SceneDelegate.swift in Sources */,
			);
			runOnlyForDeploymentPostprocessing = 0;
		};
/* End PBXSourcesBuildPhase section */

/* Begin PBXVariantGroup section */
		0325B56525C20CF800AB3799 /* Main.storyboard */ = {
			isa = PBXVariantGroup;
			children = (
				0325B56625C20CF800AB3799 /* Base */,
			);
			name = Main.storyboard;
			sourceTree = "<group>";
		};
		0325B56A25C20CFD00AB3799 /* LaunchScreen.storyboard */ = {
			isa = PBXVariantGroup;
			children = (
				0325B56B25C20CFD00AB3799 /* Base */,
			);
			name = LaunchScreen.storyboard;
			sourceTree = "<group>";
		};
/* End PBXVariantGroup section */

/* Begin XCBuildConfiguration section */
		0325B56E25C20CFD00AB3799 /* Debug */ = {
			isa = XCBuildConfiguration;
			buildSettings = {
				ALWAYS_SEARCH_USER_PATHS = NO;
				CLANG_ANALYZER_NONNULL = YES;
				CLANG_ANALYZER_NUMBER_OBJECT_CONVERSION = YES_AGGRESSIVE;
				CLANG_CXX_LANGUAGE_STANDARD = "gnu++14";
				CLANG_CXX_LIBRARY = "libc++";
				CLANG_ENABLE_MODULES = YES;
				CLANG_ENABLE_OBJC_ARC = YES;
				CLANG_ENABLE_OBJC_WEAK = YES;
				CLANG_WARN_BLOCK_CAPTURE_AUTORELEASING = YES;
				CLANG_WARN_BOOL_CONVERSION = YES;
				CLANG_WARN_COMMA = YES;
				CLANG_WARN_CONSTANT_CONVERSION = YES;
				CLANG_WARN_DEPRECATED_OBJC_IMPLEMENTATIONS = YES;
				CLANG_WARN_DIRECT_OBJC_ISA_USAGE = YES_ERROR;
				CLANG_WARN_DOCUMENTATION_COMMENTS = YES;
				CLANG_WARN_EMPTY_BODY = YES;
				CLANG_WARN_ENUM_CONVERSION = YES;
				CLANG_WARN_INFINITE_RECURSION = YES;
				CLANG_WARN_INT_CONVERSION = YES;
				CLANG_WARN_NON_LITERAL_NULL_CONVERSION = YES;
				CLANG_WARN_OBJC_IMPLICIT_RETAIN_SELF = YES;
				CLANG_WARN_OBJC_LITERAL_CONVERSION = YES;
				CLANG_WARN_OBJC_ROOT_CLASS = YES_ERROR;
				CLANG_WARN_QUOTED_INCLUDE_IN_FRAMEWORK_HEADER = YES;
				CLANG_WARN_RANGE_LOOP_ANALYSIS = YES;
				CLANG_WARN_STRICT_PROTOTYPES = YES;
				CLANG_WARN_SUSPICIOUS_MOVE = YES;
				CLANG_WARN_UNGUARDED_AVAILABILITY = YES_AGGRESSIVE;
				CLANG_WARN_UNREACHABLE_CODE = YES;
				CLANG_WARN__DUPLICATE_METHOD_MATCH = YES;
				COPY_PHASE_STRIP = NO;
				DEBUG_INFORMATION_FORMAT = dwarf;
				ENABLE_STRICT_OBJC_MSGSEND = YES;
				ENABLE_TESTABILITY = YES;
				GCC_C_LANGUAGE_STANDARD = gnu11;
				GCC_DYNAMIC_NO_PIC = NO;
				GCC_NO_COMMON_BLOCKS = YES;
				GCC_OPTIMIZATION_LEVEL = 0;
				GCC_PREPROCESSOR_DEFINITIONS = (
					"DEBUG=1",
					"$(inherited)",
				);
				GCC_WARN_64_TO_32_BIT_CONVERSION = YES;
				GCC_WARN_ABOUT_RETURN_TYPE = YES_ERROR;
				GCC_WARN_UNDECLARED_SELECTOR = YES;
				GCC_WARN_UNINITIALIZED_AUTOS = YES_AGGRESSIVE;
				GCC_WARN_UNUSED_FUNCTION = YES;
				GCC_WARN_UNUSED_VARIABLE = YES;
				IPHONEOS_DEPLOYMENT_TARGET = 14.4;
				MTL_ENABLE_DEBUG_INFO = INCLUDE_SOURCE;
				MTL_FAST_MATH = YES;
				ONLY_ACTIVE_ARCH = YES;
				SDKROOT = iphoneos;
				SWIFT_ACTIVE_COMPILATION_CONDITIONS = DEBUG;
				SWIFT_OPTIMIZATION_LEVEL = "-Onone";
			};
			name = Debug;
		};
		0325B56F25C20CFD00AB3799 /* Release */ = {
			isa = XCBuildConfiguration;
			buildSettings = {
				ALWAYS_SEARCH_USER_PATHS = NO;
				CLANG_ANALYZER_NONNULL = YES;
				CLANG_ANALYZER_NUMBER_OBJECT_CONVERSION = YES_AGGRESSIVE;
				CLANG_CXX_LANGUAGE_STANDARD = "gnu++14";
				CLANG_CXX_LIBRARY = "libc++";
				CLANG_ENABLE_MODULES = YES;
				CLANG_ENABLE_OBJC_ARC = YES;
				CLANG_ENABLE_OBJC_WEAK = YES;
				CLANG_WARN_BLOCK_CAPTURE_AUTORELEASING = YES;
				CLANG_WARN_BOOL_CONVERSION = YES;
				CLANG_WARN_COMMA = YES;
				CLANG_WARN_CONSTANT_CONVERSION = YES;
				CLANG_WARN_DEPRECATED_OBJC_IMPLEMENTATIONS = YES;
				CLANG_WARN_DIRECT_OBJC_ISA_USAGE = YES_ERROR;
				CLANG_WARN_DOCUMENTATION_COMMENTS = YES;
				CLANG_WARN_EMPTY_BODY = YES;
				CLANG_WARN_ENUM_CONVERSION = YES;
				CLANG_WARN_INFINITE_RECURSION = YES;
				CLANG_WARN_INT_CONVERSION = YES;
				CLANG_WARN_NON_LITERAL_NULL_CONVERSION = YES;
				CLANG_WARN_OBJC_IMPLICIT_RETAIN_SELF = YES;
				CLANG_WARN_OBJC_LITERAL_CONVERSION = YES;
				CLANG_WARN_OBJC_ROOT_CLASS = YES_ERROR;
				CLANG_WARN_QUOTED_INCLUDE_IN_FRAMEWORK_HEADER = YES;
				CLANG_WARN_RANGE_LOOP_ANALYSIS = YES;
				CLANG_WARN_STRICT_PROTOTYPES = YES;
				CLANG_WARN_SUSPICIOUS_MOVE = YES;
				CLANG_WARN_UNGUARDED_AVAILABILITY = YES_AGGRESSIVE;
				CLANG_WARN_UNREACHABLE_CODE = YES;
				CLANG_WARN__DUPLICATE_METHOD_MATCH = YES;
				COPY_PHASE_STRIP = NO;
				DEBUG_INFORMATION_FORMAT = "dwarf-with-dsym";
				ENABLE_NS_ASSERTIONS = NO;
				ENABLE_STRICT_OBJC_MSGSEND = YES;
				GCC_C_LANGUAGE_STANDARD = gnu11;
				GCC_NO_COMMON_BLOCKS = YES;
				GCC_WARN_64_TO_32_BIT_CONVERSION = YES;
				GCC_WARN_ABOUT_RETURN_TYPE = YES_ERROR;
				GCC_WARN_UNDECLARED_SELECTOR = YES;
				GCC_WARN_UNINITIALIZED_AUTOS = YES_AGGRESSIVE;
				GCC_WARN_UNUSED_FUNCTION = YES;
				GCC_WARN_UNUSED_VARIABLE = YES;
				IPHONEOS_DEPLOYMENT_TARGET = 14.4;
				MTL_ENABLE_DEBUG_INFO = NO;
				MTL_FAST_MATH = YES;
				SDKROOT = iphoneos;
				SWIFT_COMPILATION_MODE = wholemodule;
				SWIFT_OPTIMIZATION_LEVEL = "-O";
				VALIDATE_PRODUCT = YES;
			};
			name = Release;
		};
		0325B57125C20CFD00AB3799 /* Debug */ = {
			isa = XCBuildConfiguration;
			buildSettings = {
				ASSETCATALOG_COMPILER_APPICON_NAME = AppIcon;
				ASSETCATALOG_COMPILER_GLOBAL_ACCENT_COLOR_NAME = AccentColor;
				CODE_SIGN_STYLE = Automatic;
				INFOPLIST_FILE = Cocktails/Resources/Info.plist;
				IPHONEOS_DEPLOYMENT_TARGET = 14.3;
				LD_RUNPATH_SEARCH_PATHS = (
					"$(inherited)",
					"@executable_path/Frameworks",
				);
				PRODUCT_BUNDLE_IDENTIFIER = com.devinflora.Cocktails;
				PRODUCT_NAME = "$(TARGET_NAME)";
				SWIFT_VERSION = 5.0;
				TARGETED_DEVICE_FAMILY = "1,2";
			};
			name = Debug;
		};
		0325B57225C20CFD00AB3799 /* Release */ = {
			isa = XCBuildConfiguration;
			buildSettings = {
				ASSETCATALOG_COMPILER_APPICON_NAME = AppIcon;
				ASSETCATALOG_COMPILER_GLOBAL_ACCENT_COLOR_NAME = AccentColor;
				CODE_SIGN_STYLE = Automatic;
				INFOPLIST_FILE = Cocktails/Resources/Info.plist;
				IPHONEOS_DEPLOYMENT_TARGET = 14.3;
				LD_RUNPATH_SEARCH_PATHS = (
					"$(inherited)",
					"@executable_path/Frameworks",
				);
				PRODUCT_BUNDLE_IDENTIFIER = com.devinflora.Cocktails;
				PRODUCT_NAME = "$(TARGET_NAME)";
				SWIFT_VERSION = 5.0;
				TARGETED_DEVICE_FAMILY = "1,2";
			};
			name = Release;
		};
/* End XCBuildConfiguration section */

/* Begin XCConfigurationList section */
		0325B55725C20CF800AB3799 /* Build configuration list for PBXProject "Cocktails" */ = {
			isa = XCConfigurationList;
			buildConfigurations = (
				0325B56E25C20CFD00AB3799 /* Debug */,
				0325B56F25C20CFD00AB3799 /* Release */,
			);
			defaultConfigurationIsVisible = 0;
			defaultConfigurationName = Release;
		};
		0325B57025C20CFD00AB3799 /* Build configuration list for PBXNativeTarget "Cocktails" */ = {
			isa = XCConfigurationList;
			buildConfigurations = (
				0325B57125C20CFD00AB3799 /* Debug */,
				0325B57225C20CFD00AB3799 /* Release */,
			);
			defaultConfigurationIsVisible = 0;
			defaultConfigurationName = Release;
		};
/* End XCConfigurationList section */
	};
	rootObject = 0325B55425C20CF800AB3799 /* Project object */;
}
